// !$*UTF8*$!
{
	archiveVersion = 1;
	classes = {
	};
	objectVersion = 50;
	objects = {

/* Begin PBXBuildFile section */
		3B30DC592564A9A500E0942C /* AppDelegate.swift in Sources */ = {isa = PBXBuildFile; fileRef = 3B30DC582564A9A500E0942C /* AppDelegate.swift */; };
		3B30DC5B2564A9A500E0942C /* SceneDelegate.swift in Sources */ = {isa = PBXBuildFile; fileRef = 3B30DC5A2564A9A500E0942C /* SceneDelegate.swift */; };
		3B30DC5D2564A9A500E0942C /* ViewController.swift in Sources */ = {isa = PBXBuildFile; fileRef = 3B30DC5C2564A9A500E0942C /* ViewController.swift */; };
		3B30DC602564A9A500E0942C /* Main.storyboard in Resources */ = {isa = PBXBuildFile; fileRef = 3B30DC5E2564A9A500E0942C /* Main.storyboard */; };
		3B30DC622564A9A700E0942C /* Assets.xcassets in Resources */ = {isa = PBXBuildFile; fileRef = 3B30DC612564A9A700E0942C /* Assets.xcassets */; };
		3B30DC652564A9A700E0942C /* LaunchScreen.storyboard in Resources */ = {isa = PBXBuildFile; fileRef = 3B30DC632564A9A700E0942C /* LaunchScreen.storyboard */; };
		3B30DC6F2564AA9400E0942C /* Inceptionv3.mlmodel in Sources */ = {isa = PBXBuildFile; fileRef = 3B30DC6E2564AA9400E0942C /* Inceptionv3.mlmodel */; };
/* End PBXBuildFile section */

/* Begin PBXFileReference section */
		3B30DC552564A9A500E0942C /* Not Hotdog.app */ = {isa = PBXFileReference; explicitFileType = wrapper.application; includeInIndex = 0; path = "Not Hotdog.app"; sourceTree = BUILT_PRODUCTS_DIR; };
		3B30DC582564A9A500E0942C /* AppDelegate.swift */ = {isa = PBXFileReference; lastKnownFileType = sourcecode.swift; path = AppDelegate.swift; sourceTree = "<group>"; };
		3B30DC5A2564A9A500E0942C /* SceneDelegate.swift */ = {isa = PBXFileReference; lastKnownFileType = sourcecode.swift; path = SceneDelegate.swift; sourceTree = "<group>"; };
		3B30DC5C2564A9A500E0942C /* ViewController.swift */ = {isa = PBXFileReference; lastKnownFileType = sourcecode.swift; path = ViewController.swift; sourceTree = "<group>"; };
		3B30DC5F2564A9A500E0942C /* Base */ = {isa = PBXFileReference; lastKnownFileType = file.storyboard; name = Base; path = Base.lproj/Main.storyboard; sourceTree = "<group>"; };
		3B30DC612564A9A700E0942C /* Assets.xcassets */ = {isa = PBXFileReference; lastKnownFileType = folder.assetcatalog; path = Assets.xcassets; sourceTree = "<group>"; };
		3B30DC642564A9A700E0942C /* Base */ = {isa = PBXFileReference; lastKnownFileType = file.storyboard; name = Base; path = Base.lproj/LaunchScreen.storyboard; sourceTree = "<group>"; };
		3B30DC662564A9A700E0942C /* Info.plist */ = {isa = PBXFileReference; lastKnownFileType = text.plist.xml; path = Info.plist; sourceTree = "<group>"; };
		3B30DC6E2564AA9400E0942C /* Inceptionv3.mlmodel */ = {isa = PBXFileReference; lastKnownFileType = file.mlmodel; path = Inceptionv3.mlmodel; sourceTree = "<group>"; };
/* End PBXFileReference section */

/* Begin PBXFrameworksBuildPhase section */
		3B30DC522564A9A500E0942C /* Frameworks */ = {
			isa = PBXFrameworksBuildPhase;
			buildActionMask = 2147483647;
			files = (
			);
			runOnlyForDeploymentPostprocessing = 0;
		};
/* End PBXFrameworksBuildPhase section */

/* Begin PBXGroup section */
		3B30DC4C2564A9A500E0942C = {
			isa = PBXGroup;
			children = (
				3B30DC572564A9A500E0942C /* Not Hotdog */,
				3B30DC562564A9A500E0942C /* Products */,
			);
			sourceTree = "<group>";
		};
		3B30DC562564A9A500E0942C /* Products */ = {
			isa = PBXGroup;
			children = (
				3B30DC552564A9A500E0942C /* Not Hotdog.app */,
			);
			name = Products;
			sourceTree = "<group>";
		};
		3B30DC572564A9A500E0942C /* Not Hotdog */ = {
			isa = PBXGroup;
			children = (
				3B30DC6E2564AA9400E0942C /* Inceptionv3.mlmodel */,
				3B30DC582564A9A500E0942C /* AppDelegate.swift */,
				3B30DC5A2564A9A500E0942C /* SceneDelegate.swift */,
				3B30DC5C2564A9A500E0942C /* ViewController.swift */,
				3B30DC5E2564A9A500E0942C /* Main.storyboard */,
				3B30DC612564A9A700E0942C /* Assets.xcassets */,
				3B30DC632564A9A700E0942C /* LaunchScreen.storyboard */,
				3B30DC662564A9A700E0942C /* Info.plist */,
			);
			path = "Not Hotdog";
			sourceTree = "<group>";
		};
/* End PBXGroup section */

/* Begin PBXNativeTarget section */
		3B30DC542564A9A500E0942C /* Not Hotdog */ = {
			isa = PBXNativeTarget;
			buildConfigurationList = 3B30DC692564A9A700E0942C /* Build configuration list for PBXNativeTarget "Not Hotdog" */;
			buildPhases = (
				3B30DC512564A9A500E0942C /* Sources */,
				3B30DC522564A9A500E0942C /* Frameworks */,
				3B30DC532564A9A500E0942C /* Resources */,
			);
			buildRules = (
			);
			dependencies = (
			);
			name = "Not Hotdog";
			productName = "Not Hotdog";
			productReference = 3B30DC552564A9A500E0942C /* Not Hotdog.app */;
			productType = "com.apple.product-type.application";
		};
/* End PBXNativeTarget section */

/* Begin PBXProject section */
		3B30DC4D2564A9A500E0942C /* Project object */ = {
			isa = PBXProject;
			attributes = {
				LastSwiftUpdateCheck = 1220;
				LastUpgradeCheck = 1220;
				TargetAttributes = {
					3B30DC542564A9A500E0942C = {
						CreatedOnToolsVersion = 12.2;
					};
				};
			};
			buildConfigurationList = 3B30DC502564A9A500E0942C /* Build configuration list for PBXProject "Not Hotdog" */;
			compatibilityVersion = "Xcode 9.3";
			developmentRegion = en;
			hasScannedForEncodings = 0;
			knownRegions = (
				en,
				Base,
			);
			mainGroup = 3B30DC4C2564A9A500E0942C;
			productRefGroup = 3B30DC562564A9A500E0942C /* Products */;
			projectDirPath = "";
			projectRoot = "";
			targets = (
				3B30DC542564A9A500E0942C /* Not Hotdog */,
			);
		};
/* End PBXProject section */

/* Begin PBXResourcesBuildPhase section */
		3B30DC532564A9A500E0942C /* Resources */ = {
			isa = PBXResourcesBuildPhase;
			buildActionMask = 2147483647;
			files = (
				3B30DC652564A9A700E0942C /* LaunchScreen.storyboard in Resources */,
				3B30DC622564A9A700E0942C /* Assets.xcassets in Resources */,
				3B30DC602564A9A500E0942C /* Main.storyboard in Resources */,
			);
			runOnlyForDeploymentPostprocessing = 0;
		};
/* End PBXResourcesBuildPhase section */

/* Begin PBXSourcesBuildPhase section */
		3B30DC512564A9A500E0942C /* Sources */ = {
			isa = PBXSourcesBuildPhase;
			buildActionMask = 2147483647;
			files = (
				3B30DC5D2564A9A500E0942C /* ViewController.swift in Sources */,
				3B30DC6F2564AA9400E0942C /* Inceptionv3.mlmodel in Sources */,
				3B30DC592564A9A500E0942C /* AppDelegate.swift in Sources */,
				3B30DC5B2564A9A500E0942C /* SceneDelegate.swift in Sources */,
			);
			runOnlyForDeploymentPostprocessing = 0;
		};
/* End PBXSourcesBuildPhase section */

/* Begin PBXVariantGroup section */
		3B30DC5E2564A9A500E0942C /* Main.storyboard */ = {
			isa = PBXVariantGroup;
			children = (
				3B30DC5F2564A9A500E0942C /* Base */,
			);
			name = Main.storyboard;
			sourceTree = "<group>";
		};
		3B30DC632564A9A700E0942C /* LaunchScreen.storyboard */ = {
			isa = PBXVariantGroup;
			children = (
				3B30DC642564A9A700E0942C /* Base */,
			);
			name = LaunchScreen.storyboard;
			sourceTree = "<group>";
		};
/* End PBXVariantGroup section */

/* Begin XCBuildConfiguration section */
		3B30DC672564A9A700E0942C /* Debug */ = {
			isa = XCBuildConfiguration;
			buildSettings = {
				ALWAYS_SEARCH_USER_PATHS = NO;
				CLANG_ANALYZER_NONNULL = YES;
				CLANG_ANALYZER_NUMBER_OBJECT_CONVERSION = YES_AGGRESSIVE;
				CLANG_CXX_LANGUAGE_STANDARD = "gnu++14";
				CLANG_CXX_LIBRARY = "libc++";
				CLANG_ENABLE_MODULES = YES;
				CLANG_ENABLE_OBJC_ARC = YES;
				CLANG_ENABLE_OBJC_WEAK = YES;
				CLANG_WARN_BLOCK_CAPTURE_AUTORELEASING = YES;
				CLANG_WARN_BOOL_CONVERSION = YES;
				CLANG_WARN_COMMA = YES;
				CLANG_WARN_CONSTANT_CONVERSION = YES;
				CLANG_WARN_DEPRECATED_OBJC_IMPLEMENTATIONS = YES;
				CLANG_WARN_DIRECT_OBJC_ISA_USAGE = YES_ERROR;
				CLANG_WARN_DOCUMENTATION_COMMENTS = YES;
				CLANG_WARN_EMPTY_BODY = YES;
				CLANG_WARN_ENUM_CONVERSION = YES;
				CLANG_WARN_INFINITE_RECURSION = YES;
				CLANG_WARN_INT_CONVERSION = YES;
				CLANG_WARN_NON_LITERAL_NULL_CONVERSION = YES;
				CLANG_WARN_OBJC_IMPLICIT_RETAIN_SELF = YES;
				CLANG_WARN_OBJC_LITERAL_CONVERSION = YES;
				CLANG_WARN_OBJC_ROOT_CLASS = YES_ERROR;
				CLANG_WARN_QUOTED_INCLUDE_IN_FRAMEWORK_HEADER = YES;
				CLANG_WARN_RANGE_LOOP_ANALYSIS = YES;
				CLANG_WARN_STRICT_PROTOTYPES = YES;
				CLANG_WARN_SUSPICIOUS_MOVE = YES;
				CLANG_WARN_UNGUARDED_AVAILABILITY = YES_AGGRESSIVE;
				CLANG_WARN_UNREACHABLE_CODE = YES;
				CLANG_WARN__DUPLICATE_METHOD_MATCH = YES;
				COPY_PHASE_STRIP = NO;
				DEBUG_INFORMATION_FORMAT = dwarf;
				ENABLE_STRICT_OBJC_MSGSEND = YES;
				ENABLE_TESTABILITY = YES;
				GCC_C_LANGUAGE_STANDARD = gnu11;
				GCC_DYNAMIC_NO_PIC = NO;
				GCC_NO_COMMON_BLOCKS = YES;
				GCC_OPTIMIZATION_LEVEL = 0;
				GCC_PREPROCESSOR_DEFINITIONS = (
					"DEBUG=1",
					"$(inherited)",
				);
				GCC_WARN_64_TO_32_BIT_CONVERSION = YES;
				GCC_WARN_ABOUT_RETURN_TYPE = YES_ERROR;
				GCC_WARN_UNDECLARED_SELECTOR = YES;
				GCC_WARN_UNINITIALIZED_AUTOS = YES_AGGRESSIVE;
				GCC_WARN_UNUSED_FUNCTION = YES;
				GCC_WARN_UNUSED_VARIABLE = YES;
				IPHONEOS_DEPLOYMENT_TARGET = 14.2;
				MTL_ENABLE_DEBUG_INFO = INCLUDE_SOURCE;
				MTL_FAST_MATH = YES;
				ONLY_ACTIVE_ARCH = YES;
				SDKROOT = iphoneos;
				SWIFT_ACTIVE_COMPILATION_CONDITIONS = DEBUG;
				SWIFT_OPTIMIZATION_LEVEL = "-Onone";
			};
			name = Debug;
		};
		3B30DC682564A9A700E0942C /* Release */ = {
			isa = XCBuildConfiguration;
			buildSettings = {
				ALWAYS_SEARCH_USER_PATHS = NO;
				CLANG_ANALYZER_NONNULL = YES;
				CLANG_ANALYZER_NUMBER_OBJECT_CONVERSION = YES_AGGRESSIVE;
				CLANG_CXX_LANGUAGE_STANDARD = "gnu++14";
				CLANG_CXX_LIBRARY = "libc++";
				CLANG_ENABLE_MODULES = YES;
				CLANG_ENABLE_OBJC_ARC = YES;
				CLANG_ENABLE_OBJC_WEAK = YES;
				CLANG_WARN_BLOCK_CAPTURE_AUTORELEASING = YES;
				CLANG_WARN_BOOL_CONVERSION = YES;
				CLANG_WARN_COMMA = YES;
				CLANG_WARN_CONSTANT_CONVERSION = YES;
				CLANG_WARN_DEPRECATED_OBJC_IMPLEMENTATIONS = YES;
				CLANG_WARN_DIRECT_OBJC_ISA_USAGE = YES_ERROR;
				CLANG_WARN_DOCUMENTATION_COMMENTS = YES;
				CLANG_WARN_EMPTY_BODY = YES;
				CLANG_WARN_ENUM_CONVERSION = YES;
				CLANG_WARN_INFINITE_RECURSION = YES;
				CLANG_WARN_INT_CONVERSION = YES;
				CLANG_WARN_NON_LITERAL_NULL_CONVERSION = YES;
				CLANG_WARN_OBJC_IMPLICIT_RETAIN_SELF = YES;
				CLANG_WARN_OBJC_LITERAL_CONVERSION = YES;
				CLANG_WARN_OBJC_ROOT_CLASS = YES_ERROR;
				CLANG_WARN_QUOTED_INCLUDE_IN_FRAMEWORK_HEADER = YES;
				CLANG_WARN_RANGE_LOOP_ANALYSIS = YES;
				CLANG_WARN_STRICT_PROTOTYPES = YES;
				CLANG_WARN_SUSPICIOUS_MOVE = YES;
				CLANG_WARN_UNGUARDED_AVAILABILITY = YES_AGGRESSIVE;
				CLANG_WARN_UNREACHABLE_CODE = YES;
				CLANG_WARN__DUPLICATE_METHOD_MATCH = YES;
				COPY_PHASE_STRIP = NO;
				DEBUG_INFORMATION_FORMAT = "dwarf-with-dsym";
				ENABLE_NS_ASSERTIONS = NO;
				ENABLE_STRICT_OBJC_MSGSEND = YES;
				GCC_C_LANGUAGE_STANDARD = gnu11;
				GCC_NO_COMMON_BLOCKS = YES;
				GCC_WARN_64_TO_32_BIT_CONVERSION = YES;
				GCC_WARN_ABOUT_RETURN_TYPE = YES_ERROR;
				GCC_WARN_UNDECLARED_SELECTOR = YES;
				GCC_WARN_UNINITIALIZED_AUTOS = YES_AGGRESSIVE;
				GCC_WARN_UNUSED_FUNCTION = YES;
				GCC_WARN_UNUSED_VARIABLE = YES;
				IPHONEOS_DEPLOYMENT_TARGET = 14.2;
				MTL_ENABLE_DEBUG_INFO = NO;
				MTL_FAST_MATH = YES;
				SDKROOT = iphoneos;
				SWIFT_COMPILATION_MODE = wholemodule;
				SWIFT_OPTIMIZATION_LEVEL = "-O";
				VALIDATE_PRODUCT = YES;
			};
			name = Release;
		};
		3B30DC6A2564A9A700E0942C /* Debug */ = {
			isa = XCBuildConfiguration;
			buildSettings = {
				ASSETCATALOG_COMPILER_APPICON_NAME = AppIcon;
				ASSETCATALOG_COMPILER_GLOBAL_ACCENT_COLOR_NAME = AccentColor;
				CODE_SIGN_STYLE = Automatic;
				DEVELOPMENT_TEAM = 6MTQAAFW5T;
				INFOPLIST_FILE = "Not Hotdog/Info.plist";
				LD_RUNPATH_SEARCH_PATHS = (
					"$(inherited)",
					"@executable_path/Frameworks",
				);
				PRODUCT_BUNDLE_IDENTIFIER = "com.jpsg.Not-Hotdog";
				PRODUCT_NAME = "$(TARGET_NAME)";
				SWIFT_VERSION = 5.0;
				TARGETED_DEVICE_FAMILY = "1,2";
			};
			name = Debug;
		};
		3B30DC6B2564A9A700E0942C /* Release */ = {
			isa = XCBuildConfiguration;
			buildSettings = {
				ASSETCATALOG_COMPILER_APPICON_NAME = AppIcon;
				ASSETCATALOG_COMPILER_GLOBAL_ACCENT_COLOR_NAME = AccentColor;
				CODE_SIGN_STYLE = Automatic;
				DEVELOPMENT_TEAM = 6MTQAAFW5T;
				INFOPLIST_FILE = "Not Hotdog/Info.plist";
				LD_RUNPATH_SEARCH_PATHS = (
					"$(inherited)",
					"@executable_path/Frameworks",
				);
				PRODUCT_BUNDLE_IDENTIFIER = "com.jpsg.Not-Hotdog";
				PRODUCT_NAME = "$(TARGET_NAME)";
				SWIFT_VERSION = 5.0;
				TARGETED_DEVICE_FAMILY = "1,2";
			};
			name = Release;
		};
/* End XCBuildConfiguration section */

/* Begin XCConfigurationList section */
		3B30DC502564A9A500E0942C /* Build configuration list for PBXProject "Not Hotdog" */ = {
			isa = XCConfigurationList;
			buildConfigurations = (
				3B30DC672564A9A700E0942C /* Debug */,
				3B30DC682564A9A700E0942C /* Release */,
			);
			defaultConfigurationIsVisible = 0;
			defaultConfigurationName = Release;
		};
		3B30DC692564A9A700E0942C /* Build configuration list for PBXNativeTarget "Not Hotdog" */ = {
			isa = XCConfigurationList;
			buildConfigurations = (
				3B30DC6A2564A9A700E0942C /* Debug */,
				3B30DC6B2564A9A700E0942C /* Release */,
			);
			defaultConfigurationIsVisible = 0;
			defaultConfigurationName = Release;
		};
/* End XCConfigurationList section */
	};
	rootObject = 3B30DC4D2564A9A500E0942C /* Project object */;
}
